
Microsoft Visual Studio Solution File, Format Version 12.00
# Visual Studio Version 17
VisualStudioVersion = 17.11.35327.3
MinimumVisualStudioVersion = 10.0.40219.1
Project("{FAE04EC0-301F-11D3-BF4B-00C04F79EFBC}") = "ConsoleApp1", "ConsoleApp1.csproj", "{6B531450-6160-47AC-B234-58A812FCF543}"
EndProject
Global
	GlobalSection(SolutionConfigurationPlatforms) = preSolution
		Debug|Any CPU = Debug|Any CPU
		Release|Any CPU = Release|Any CPU
	EndGlobalSection
	GlobalSection(ProjectConfigurationPlatforms) = postSolution
		{6B531450-6160-47AC-B234-58A812FCF543}.Debug|Any CPU.ActiveCfg = Debug|Any CPU
		{6B531450-6160-47AC-B234-58A812FCF543}.Debug|Any CPU.Build.0 = Debug|Any CPU
		{6B531450-6160-47AC-B234-58A812FCF543}.Release|Any CPU.ActiveCfg = Release|Any CPU
		{6B531450-6160-47AC-B234-58A812FCF543}.Release|Any CPU.Build.0 = Release|Any CPU
	EndGlobalSection
	GlobalSection(SolutionProperties) = preSolution
		HideSolutionNode = FALSE
	EndGlobalSection
	GlobalSection(ExtensibilityGlobals) = postSolution
		SolutionGuid = {F9D40293-8337-4460-A9B7-17108C2D59A2}
	EndGlobalSection
EndGlobal
